
Microsoft Visual Studio Solution File, Format Version 12.00
# Visual Studio Version 17
VisualStudioVersion = 17.5.33516.290
MinimumVisualStudioVersion = 10.0.40219.1
Project("{FAE04EC0-301F-11D3-BF4B-00C04F79EFBC}") = "PuntoDeVenta", "PuntoDeVenta\PuntoDeVenta.csproj", "{4859B33D-9AE0-4FF8-AA88-83C385BB6267}"
EndProject
Project("{FAE04EC0-301F-11D3-BF4B-00C04F79EFBC}") = "PuntoDeVenta.Contratos", "PuntoDeVenta.Contratos\PuntoDeVenta.Contratos.csproj", "{BAB0A2D3-798F-4687-AA5B-B20217EEA068}"
EndProject
Global
	GlobalSection(SolutionConfigurationPlatforms) = preSolution
		Debug|Any CPU = Debug|Any CPU
		Release|Any CPU = Release|Any CPU
	EndGlobalSection
	GlobalSection(ProjectConfigurationPlatforms) = postSolution
		{4859B33D-9AE0-4FF8-AA88-83C385BB6267}.Debug|Any CPU.ActiveCfg = Debug|Any CPU
		{4859B33D-9AE0-4FF8-AA88-83C385BB6267}.Debug|Any CPU.Build.0 = Debug|Any CPU
		{4859B33D-9AE0-4FF8-AA88-83C385BB6267}.Release|Any CPU.ActiveCfg = Release|Any CPU
		{4859B33D-9AE0-4FF8-AA88-83C385BB6267}.Release|Any CPU.Build.0 = Release|Any CPU
		{BAB0A2D3-798F-4687-AA5B-B20217EEA068}.Debug|Any CPU.ActiveCfg = Debug|Any CPU
		{BAB0A2D3-798F-4687-AA5B-B20217EEA068}.Debug|Any CPU.Build.0 = Debug|Any CPU
		{BAB0A2D3-798F-4687-AA5B-B20217EEA068}.Release|Any CPU.ActiveCfg = Release|Any CPU
		{BAB0A2D3-798F-4687-AA5B-B20217EEA068}.Release|Any CPU.Build.0 = Release|Any CPU
	EndGlobalSection
	GlobalSection(SolutionProperties) = preSolution
		HideSolutionNode = FALSE
	EndGlobalSection
	GlobalSection(ExtensibilityGlobals) = postSolution
		SolutionGuid = {D791FA98-6A3E-4A1B-B9AC-85DDB492BF98}
	EndGlobalSection
EndGlobal
